{
    "_readme": [
        "This file locks the dependencies of your project to a known state",
        "Read more about it at http://getcomposer.org/doc/01-basic-usage.md#composer-lock-the-lock-file"
    ],
    "hash": "b727d13bc05c56a3521167741183a503",
    "packages": [
        {
            "name": "jleagle/json-rpc",
            "version": "dev-master",
            "source": {
                "type": "git",
                "url": "https://github.com/Jleagle/json-rpc.git",
                "reference": "7e673d760c03197b6624c868a81b67cc896f2b00"
            },
            "dist": {
                "type": "zip",
                "url": "https://api.github.com/repos/Jleagle/json-rpc/zipball/7e673d760c03197b6624c868a81b67cc896f2b00",
                "reference": "7e673d760c03197b6624c868a81b67cc896f2b00",
                "shasum": ""
            },
            "type": "library",
            "autoload": {
                "psr-0": {
                    "Jleagle\\jsonRPC": "src"
                }
            },
            "notification-url": "https://packagist.org/downloads/",
            "authors": [
                {
                    "name": "James Eagle",
                    "email": "jimeagle@gmail.com",
                    "homepage": "http://jimeagle.com",
                    "role": "Developer"
                }
            ],
            "description": "The classes from json-rpc.org converted into a composer package.",
            "keywords": [
                "json",
                "json-rpc",
                "jsonrpcphp",
                "rpc"
            ],
            "time": "2014-04-23 20:32:01"
        }
    ],
    "packages-dev": [

    ],
    "aliases": [

    ],
    "minimum-stability": "dev",
    "stability-flags": {
        "jleagle/json-rpc": 20
    },
    "platform": [

    ],
    "platform-dev": [

    ]
}
